
Microsoft Visual Studio Solution File, Format Version 12.00
# Visual Studio Version 17
VisualStudioVersion = 17.2.32630.192
MinimumVisualStudioVersion = 10.0.40219.1
Project("{9A19103F-16F7-4668-BE54-9A1E7A4F7556}") = "HCMIS", "HCMIS.csproj", "{424BCF42-9479-4A90-889E-461725BBC278}"
EndProject
Project("{9A19103F-16F7-4668-BE54-9A1E7A4F7556}") = "HCMISAPI", "..\HCMISAPI\HCMISAPI.csproj", "{BF1E24A2-0C99-4FD9-99CB-19291FBC301A}"
EndProject
Global
	GlobalSection(SolutionConfigurationPlatforms) = preSolution
		Debug|Any CPU = Debug|Any CPU
		Release|Any CPU = Release|Any CPU
	EndGlobalSection
	GlobalSection(ProjectConfigurationPlatforms) = postSolution
		{424BCF42-9479-4A90-889E-461725BBC278}.Debug|Any CPU.ActiveCfg = Debug|Any CPU
		{424BCF42-9479-4A90-889E-461725BBC278}.Debug|Any CPU.Build.0 = Debug|Any CPU
		{424BCF42-9479-4A90-889E-461725BBC278}.Release|Any CPU.ActiveCfg = Release|Any CPU
		{424BCF42-9479-4A90-889E-461725BBC278}.Release|Any CPU.Build.0 = Release|Any CPU
		{BF1E24A2-0C99-4FD9-99CB-19291FBC301A}.Debug|Any CPU.ActiveCfg = Debug|Any CPU
		{BF1E24A2-0C99-4FD9-99CB-19291FBC301A}.Debug|Any CPU.Build.0 = Debug|Any CPU
		{BF1E24A2-0C99-4FD9-99CB-19291FBC301A}.Release|Any CPU.ActiveCfg = Release|Any CPU
		{BF1E24A2-0C99-4FD9-99CB-19291FBC301A}.Release|Any CPU.Build.0 = Release|Any CPU
	EndGlobalSection
	GlobalSection(SolutionProperties) = preSolution
		HideSolutionNode = FALSE
	EndGlobalSection
	GlobalSection(ExtensibilityGlobals) = postSolution
		SolutionGuid = {8A5B9732-32C8-4B34-86B3-BC0525A6F4C1}
	EndGlobalSection
EndGlobal
